// !$*UTF8*$!
{
	archiveVersion = 1;
	classes = {
	};
	objectVersion = 77;
	objects = {

/* Begin PBXBuildFile section */
		ECEB0C5F3003EA9D00B6B413 /* Assets.xcassets in Resources */ = {isa = PBXBuildFile; fileRef = ECEB0C5C3003EA9D00B6B413 /* Assets.xcassets */; };
		ECEB0C603003EA9D00B6B413 /* MoviesApp.swift in Sources */ = {isa = PBXBuildFile; fileRef = ECEB0C433003EA9D00B6B413 /* MoviesApp.swift */; };
		ECEB0C613003EA9D00B6B413 /* RootView.swift in Sources */ = {isa = PBXBuildFile; fileRef = ECEB0C443003EA9D00B6B413 /* RootView.swift */; };
		ECEB0C623003EA9D00B6B413 /* Secrets.swift in Sources */ = {isa = PBXBuildFile; fileRef = ECEB0C473003EA9D00B6B413 /* Secrets.swift */; };
		ECEB0C633003EA9D00B6B413 /* SessionManager.swift in Sources */ = {isa = PBXBuildFile; fileRef = ECEB0C483003EA9D00B6B413 /* SessionManager.swift */; };
		ECEB0C643003EA9D00B6B413 /* Models.swift in Sources */ = {isa = PBXBuildFile; fileRef = ECEB0C4A3003EA9D00B6B413 /* Models.swift */; };
		ECEB0C653003EA9D00B6B413 /* APIServices.swift in Sources */ = {isa = PBXBuildFile; fileRef = ECEB0C4C3003EA9D00B6B413 /* APIServices.swift */; };
		ECEB0C663003EA9D00B6B413 /* MovieDetailsView.swift in Sources */ = {isa = PBXBuildFile; fileRef = ECEB0C4E3003EA9D00B6B413 /* MovieDetailsView.swift */; };
		ECEB0C673003EA9D00B6B413 /* MovieDetailsViewModel.swift in Sources */ = {isa = PBXBuildFile; fileRef = ECEB0C4F3003EA9D00B6B413 /* MovieDetailsViewModel.swift */; };
		ECEB0C683003EA9D00B6B413 /* MoviesCenterView.swift in Sources */ = {isa = PBXBuildFile; fileRef = ECEB0C513003EA9D00B6B413 /* MoviesCenterView.swift */; };
		ECEB0C693003EA9D00B6B413 /* MoviesCenterViewModel.swift in Sources */ = {isa = PBXBuildFile; fileRef = ECEB0C523003EA9D00B6B413 /* MoviesCenterViewModel.swift */; };
		ECEB0C6A3003EA9D00B6B413 /* EditProfileView.swift in Sources */ = {isa = PBXBuildFile; fileRef = ECEB0C543003EA9D00B6B413 /* EditProfileView.swift */; };
		ECEB0C6B3003EA9D00B6B413 /* ProfileView.swift in Sources */ = {isa = PBXBuildFile; fileRef = ECEB0C553003EA9D00B6B413 /* ProfileView.swift */; };
		ECEB0C6C3003EA9D00B6B413 /* ProfileViewModel.swift in Sources */ = {isa = PBXBuildFile; fileRef = ECEB0C563003EA9D00B6B413 /* ProfileViewModel.swift */; };
		ECEB0C6D3003EA9D00B6B413 /* SignInView.swift in Sources */ = {isa = PBXBuildFile; fileRef = ECEB0C583003EA9D00B6B413 /* SignInView.swift */; };
		ECEB0C6E3003EA9D00B6B413 /* SignInViewModel.swift in Sources */ = {isa = PBXBuildFile; fileRef = ECEB0C593003EA9D00B6B413 /* SignInViewModel.swift */; };
		ECEB0C7030041ED200B6B413 /* Secrets.plist in Resources */ = {isa = PBXBuildFile; fileRef = ECEB0C6F30041ED200B6B413 /* Secrets.plist */; };
/* End PBXBuildFile section */

/* Begin PBXFileReference section */
		ECEB0C433003EA9D00B6B413 /* MoviesApp.swift */ = {isa = PBXFileReference; lastKnownFileType = sourcecode.swift; path = MoviesApp.swift; sourceTree = "<group>"; };
		ECEB0C443003EA9D00B6B413 /* RootView.swift */ = {isa = PBXFileReference; lastKnownFileType = sourcecode.swift; path = RootView.swift; sourceTree = "<group>"; };
		ECEB0C473003EA9D00B6B413 /* Secrets.swift */ = {isa = PBXFileReference; lastKnownFileType = sourcecode.swift; path = Secrets.swift; sourceTree = "<group>"; };
		ECEB0C483003EA9D00B6B413 /* SessionManager.swift */ = {isa = PBXFileReference; lastKnownFileType = sourcecode.swift; path = SessionManager.swift; sourceTree = "<group>"; };
		ECEB0C4A3003EA9D00B6B413 /* Models.swift */ = {isa = PBXFileReference; lastKnownFileType = sourcecode.swift; path = Models.swift; sourceTree = "<group>"; };
		ECEB0C4C3003EA9D00B6B413 /* APIServices.swift */ = {isa = PBXFileReference; lastKnownFileType = sourcecode.swift; path = APIServices.swift; sourceTree = "<group>"; };
		ECEB0C4E3003EA9D00B6B413 /* MovieDetailsView.swift */ = {isa = PBXFileReference; lastKnownFileType = sourcecode.swift; path = MovieDetailsView.swift; sourceTree = "<group>"; };
		ECEB0C4F3003EA9D00B6B413 /* MovieDetailsViewModel.swift */ = {isa = PBXFileReference; lastKnownFileType = sourcecode.swift; path = MovieDetailsViewModel.swift; sourceTree = "<group>"; };
		ECEB0C513003EA9D00B6B413 /* MoviesCenterView.swift */ = {isa = PBXFileReference; lastKnownFileType = sourcecode.swift; path = MoviesCenterView.swift; sourceTree = "<group>"; };
		ECEB0C523003EA9D00B6B413 /* MoviesCenterViewModel.swift */ = {isa = PBXFileReference; lastKnownFileType = sourcecode.swift; path = MoviesCenterViewModel.swift; sourceTree = "<group>"; };
		ECEB0C543003EA9D00B6B413 /* EditProfileView.swift */ = {isa = PBXFileReference; lastKnownFileType = sourcecode.swift; path = EditProfileView.swift; sourceTree = "<group>"; };
		ECEB0C553003EA9D00B6B413 /* ProfileView.swift */ = {isa = PBXFileReference; lastKnownFileType = sourcecode.swift; path = ProfileView.swift; sourceTree = "<group>"; };
		ECEB0C563003EA9D00B6B413 /* ProfileViewModel.swift */ = {isa = PBXFileReference; lastKnownFileType = sourcecode.swift; path = ProfileViewModel.swift; sourceTree = "<group>"; };
		ECEB0C583003EA9D00B6B413 /* SignInView.swift */ = {isa = PBXFileReference; lastKnownFileType = sourcecode.swift; path = SignInView.swift; sourceTree = "<group>"; };
		ECEB0C593003EA9D00B6B413 /* SignInViewModel.swift */ = {isa = PBXFileReference; lastKnownFileType = sourcecode.swift; path = SignInViewModel.swift; sourceTree = "<group>"; };
		ECEB0C5C3003EA9D00B6B413 /* Assets.xcassets */ = {isa = PBXFileReference; lastKnownFileType = folder.assetcatalog; path = Assets.xcassets; sourceTree = "<group>"; };
		ECEB0C6F30041ED200B6B413 /* Secrets.plist */ = {isa = PBXFileReference; lastKnownFileType = text.plist.xml; path = Secrets.plist; sourceTree = "<group>"; };
		ECF38B5F2EFC27D300664696 /* Movieisme.app */ = {isa = PBXFileReference; explicitFileType = wrapper.application; includeInIndex = 0; path = Movieisme.app; sourceTree = BUILT_PRODUCTS_DIR; };
/* End PBXFileReference section */

/* Begin PBXFrameworksBuildPhase section */
		ECF38B5C2EFC27D300664696 /* Frameworks */ = {
			isa = PBXFrameworksBuildPhase;
			buildActionMask = 2147483647;
			files = (
			);
			runOnlyForDeploymentPostprocessing = 0;
		};
/* End PBXFrameworksBuildPhase section */

/* Begin PBXGroup section */
		ECEB0C453003EA9D00B6B413 /* App */ = {
			isa = PBXGroup;
			children = (
				ECEB0C433003EA9D00B6B413 /* MoviesApp.swift */,
				ECEB0C443003EA9D00B6B413 /* RootView.swift */,
			);
			path = App;
			sourceTree = "<group>";
		};
		ECEB0C493003EA9D00B6B413 /* Core */ = {
			isa = PBXGroup;
			children = (
				ECEB0C473003EA9D00B6B413 /* Secrets.swift */,
				ECEB0C483003EA9D00B6B413 /* SessionManager.swift */,
				ECEB0C6F30041ED200B6B413 /* Secrets.plist */,
			);
			path = Core;
			sourceTree = "<group>";
		};
		ECEB0C4B3003EA9D00B6B413 /* Models */ = {
			isa = PBXGroup;
			children = (
				ECEB0C4A3003EA9D00B6B413 /* Models.swift */,
			);
			path = Models;
			sourceTree = "<group>";
		};
		ECEB0C4D3003EA9D00B6B413 /* Networking */ = {
			isa = PBXGroup;
			children = (
				ECEB0C4C3003EA9D00B6B413 /* APIServices.swift */,
			);
			path = Networking;
			sourceTree = "<group>";
		};
		ECEB0C503003EA9D00B6B413 /* MovieDetails */ = {
			isa = PBXGroup;
			children = (
				ECEB0C4E3003EA9D00B6B413 /* MovieDetailsView.swift */,
				ECEB0C4F3003EA9D00B6B413 /* MovieDetailsViewModel.swift */,
			);
			path = MovieDetails;
			sourceTree = "<group>";
		};
		ECEB0C533003EA9D00B6B413 /* MoviesCenter */ = {
			isa = PBXGroup;
			children = (
				ECEB0C513003EA9D00B6B413 /* MoviesCenterView.swift */,
				ECEB0C523003EA9D00B6B413 /* MoviesCenterViewModel.swift */,
			);
			path = MoviesCenter;
			sourceTree = "<group>";
		};
		ECEB0C573003EA9D00B6B413 /* Profile */ = {
			isa = PBXGroup;
			children = (
				ECEB0C543003EA9D00B6B413 /* EditProfileView.swift */,
				ECEB0C553003EA9D00B6B413 /* ProfileView.swift */,
				ECEB0C563003EA9D00B6B413 /* ProfileViewModel.swift */,
			);
			path = Profile;
			sourceTree = "<group>";
		};
		ECEB0C5A3003EA9D00B6B413 /* SignIn */ = {
			isa = PBXGroup;
			children = (
				ECEB0C583003EA9D00B6B413 /* SignInView.swift */,
				ECEB0C593003EA9D00B6B413 /* SignInViewModel.swift */,
			);
			path = SignIn;
			sourceTree = "<group>";
		};
		ECEB0C5B3003EA9D00B6B413 /* Pages */ = {
			isa = PBXGroup;
			children = (
				ECEB0C5A3003EA9D00B6B413 /* SignIn */,
				ECEB0C533003EA9D00B6B413 /* MoviesCenter */,
				ECEB0C503003EA9D00B6B413 /* MovieDetails */,
				ECEB0C573003EA9D00B6B413 /* Profile */,
			);
			path = Pages;
			sourceTree = "<group>";
		};
		ECEB0C5D3003EA9D00B6B413 /* Movieisme */ = {
			isa = PBXGroup;
			children = (
				ECEB0C453003EA9D00B6B413 /* App */,
				ECEB0C493003EA9D00B6B413 /* Core */,
				ECEB0C4B3003EA9D00B6B413 /* Models */,
				ECEB0C4D3003EA9D00B6B413 /* Networking */,
				ECEB0C5B3003EA9D00B6B413 /* Pages */,
				ECEB0C5C3003EA9D00B6B413 /* Assets.xcassets */,
			);
			path = Movieisme;
			sourceTree = "<group>";
		};
		ECF38B562EFC27D300664696 = {
			isa = PBXGroup;
			children = (
				ECEB0C5D3003EA9D00B6B413 /* Movieisme */,
				ECF38B602EFC27D300664696 /* Products */,
			);
			sourceTree = "<group>";
		};
		ECF38B602EFC27D300664696 /* Products */ = {
			isa = PBXGroup;
			children = (
				ECF38B5F2EFC27D300664696 /* Movieisme.app */,
			);
			name = Products;
			sourceTree = "<group>";
		};
/* End PBXGroup section */

/* Begin PBXNativeTarget section */
		ECF38B5E2EFC27D300664696 /* Movieisme */ = {
			isa = PBXNativeTarget;
			buildConfigurationList = ECF38B6A2EFC27D300664696 /* Build configuration list for PBXNativeTarget "Movieisme" */;
			buildPhases = (
				ECF38B5B2EFC27D300664696 /* Sources */,
				ECF38B5C2EFC27D300664696 /* Frameworks */,
				ECF38B5D2EFC27D300664696 /* Resources */,
			);
			buildRules = (
			);
			dependencies = (
			);
			name = Movieisme;
			packageProductDependencies = (
			);
			productName = MoviesApp;
			productReference = ECF38B5F2EFC27D300664696 /* Movieisme.app */;
			productType = "com.apple.product-type.application";
		};
/* End PBXNativeTarget section */

/* Begin PBXProject section */
		ECF38B572EFC27D300664696 /* Project object */ = {
			isa = PBXProject;
			attributes = {
				BuildIndependentTargetsInParallel = 1;
				LastSwiftUpdateCheck = 2610;
				LastUpgradeCheck = 2620;
				TargetAttributes = {
					ECF38B5E2EFC27D300664696 = {
						CreatedOnToolsVersion = 26.1.1;
					};
				};
			};
			buildConfigurationList = ECF38B5A2EFC27D300664696 /* Build configuration list for PBXProject "Movieisme" */;
			developmentRegion = en;
			hasScannedForEncodings = 0;
			knownRegions = (
				en,
				Base,
			);
			mainGroup = ECF38B562EFC27D300664696;
			minimizedProjectReferenceProxies = 1;
			preferredProjectObjectVersion = 77;
			productRefGroup = ECF38B602EFC27D300664696 /* Products */;
			projectDirPath = "";
			projectRoot = "";
			targets = (
				ECF38B5E2EFC27D300664696 /* Movieisme */,
			);
		};
/* End PBXProject section */

/* Begin PBXResourcesBuildPhase section */
		ECF38B5D2EFC27D300664696 /* Resources */ = {
			isa = PBXResourcesBuildPhase;
			buildActionMask = 2147483647;
			files = (
				ECEB0C7030041ED200B6B413 /* Secrets.plist in Resources */,
				ECEB0C5F3003EA9D00B6B413 /* Assets.xcassets in Resources */,
			);
			runOnlyForDeploymentPostprocessing = 0;
		};
/* End PBXResourcesBuildPhase section */

/* Begin PBXSourcesBuildPhase section */
		ECF38B5B2EFC27D300664696 /* Sources */ = {
			isa = PBXSourcesBuildPhase;
			buildActionMask = 2147483647;
			files = (
				ECEB0C603003EA9D00B6B413 /* MoviesApp.swift in Sources */,
				ECEB0C613003EA9D00B6B413 /* RootView.swift in Sources */,
				ECEB0C623003EA9D00B6B413 /* Secrets.swift in Sources */,
				ECEB0C633003EA9D00B6B413 /* SessionManager.swift in Sources */,
				ECEB0C643003EA9D00B6B413 /* Models.swift in Sources */,
				ECEB0C653003EA9D00B6B413 /* APIServices.swift in Sources */,
				ECEB0C663003EA9D00B6B413 /* MovieDetailsView.swift in Sources */,
				ECEB0C673003EA9D00B6B413 /* MovieDetailsViewModel.swift in Sources */,
				ECEB0C683003EA9D00B6B413 /* MoviesCenterView.swift in Sources */,
				ECEB0C693003EA9D00B6B413 /* MoviesCenterViewModel.swift in Sources */,
				ECEB0C6A3003EA9D00B6B413 /* EditProfileView.swift in Sources */,
				ECEB0C6B3003EA9D00B6B413 /* ProfileView.swift in Sources */,
				ECEB0C6C3003EA9D00B6B413 /* ProfileViewModel.swift in Sources */,
				ECEB0C6D3003EA9D00B6B413 /* SignInView.swift in Sources */,
				ECEB0C6E3003EA9D00B6B413 /* SignInViewModel.swift in Sources */,
			);
			runOnlyForDeploymentPostprocessing = 0;
		};
/* End PBXSourcesBuildPhase section */

/* Begin XCBuildConfiguration section */
		ECF38B682EFC27D300664696 /* Debug */ = {
			isa = XCBuildConfiguration;
			buildSettings = {
				ALWAYS_SEARCH_USER_PATHS = NO;
				ASSETCATALOG_COMPILER_GENERATE_SWIFT_ASSET_SYMBOL_EXTENSIONS = YES;
				CLANG_ANALYZER_NONNULL = YES;
				CLANG_ANALYZER_NUMBER_OBJECT_CONVERSION = YES_AGGRESSIVE;
				CLANG_CXX_LANGUAGE_STANDARD = "gnu++20";
				CLANG_ENABLE_MODULES = YES;
				CLANG_ENABLE_OBJC_ARC = YES;
				CLANG_ENABLE_OBJC_WEAK = YES;
				CLANG_WARN_BLOCK_CAPTURE_AUTORELEASING = YES;
				CLANG_WARN_BOOL_CONVERSION = YES;
				CLANG_WARN_COMMA = YES;
				CLANG_WARN_CONSTANT_CONVERSION = YES;
				CLANG_WARN_DEPRECATED_OBJC_IMPLEMENTATIONS = YES;
				CLANG_WARN_DIRECT_OBJC_ISA_USAGE = YES_ERROR;
				CLANG_WARN_DOCUMENTATION_COMMENTS = YES;
				CLANG_WARN_EMPTY_BODY = YES;
				CLANG_WARN_ENUM_CONVERSION = YES;
				CLANG_WARN_INFINITE_RECURSION = YES;
				CLANG_WARN_INT_CONVERSION = YES;
				CLANG_WARN_NON_LITERAL_NULL_CONVERSION = YES;
				CLANG_WARN_OBJC_IMPLICIT_RETAIN_SELF = YES;
				CLANG_WARN_OBJC_LITERAL_CONVERSION = YES;
				CLANG_WARN_OBJC_ROOT_CLASS = YES_ERROR;
				CLANG_WARN_QUOTED_INCLUDE_IN_FRAMEWORK_HEADER = YES;
				CLANG_WARN_RANGE_LOOP_ANALYSIS = YES;
				CLANG_WARN_STRICT_PROTOTYPES = YES;
				CLANG_WARN_SUSPICIOUS_MOVE = YES;
				CLANG_WARN_UNGUARDED_AVAILABILITY = YES_AGGRESSIVE;
				CLANG_WARN_UNREACHABLE_CODE = YES;
				CLANG_WARN__DUPLICATE_METHOD_MATCH = YES;
				COPY_PHASE_STRIP = NO;
				DEBUG_INFORMATION_FORMAT = dwarf;
				DEVELOPMENT_TEAM = Q3BRAU32HS;
				ENABLE_STRICT_OBJC_MSGSEND = YES;
				ENABLE_TESTABILITY = YES;
				ENABLE_USER_SCRIPT_SANDBOXING = YES;
				GCC_C_LANGUAGE_STANDARD = gnu17;
				GCC_DYNAMIC_NO_PIC = NO;
				GCC_NO_COMMON_BLOCKS = YES;
				GCC_OPTIMIZATION_LEVEL = 0;
				GCC_PREPROCESSOR_DEFINITIONS = (
					"DEBUG=1",
					"$(inherited)",
				);
				GCC_WARN_64_TO_32_BIT_CONVERSION = YES;
				GCC_WARN_ABOUT_RETURN_TYPE = YES_ERROR;
				GCC_WARN_UNDECLARED_SELECTOR = YES;
				GCC_WARN_UNINITIALIZED_AUTOS = YES_AGGRESSIVE;
				GCC_WARN_UNUSED_FUNCTION = YES;
				GCC_WARN_UNUSED_VARIABLE = YES;
				IPHONEOS_DEPLOYMENT_TARGET = 26.1;
				LOCALIZATION_PREFERS_STRING_CATALOGS = YES;
				MTL_ENABLE_DEBUG_INFO = INCLUDE_SOURCE;
				MTL_FAST_MATH = YES;
				ONLY_ACTIVE_ARCH = YES;
				SDKROOT = iphoneos;
				STRING_CATALOG_GENERATE_SYMBOLS = YES;
				SWIFT_ACTIVE_COMPILATION_CONDITIONS = "DEBUG $(inherited)";
				SWIFT_OPTIMIZATION_LEVEL = "-Onone";
			};
			name = Debug;
		};
		ECF38B692EFC27D300664696 /* Release */ = {
			isa = XCBuildConfiguration;
			buildSettings = {
				ALWAYS_SEARCH_USER_PATHS = NO;
				ASSETCATALOG_COMPILER_GENERATE_SWIFT_ASSET_SYMBOL_EXTENSIONS = YES;
				CLANG_ANALYZER_NONNULL = YES;
				CLANG_ANALYZER_NUMBER_OBJECT_CONVERSION = YES_AGGRESSIVE;
				CLANG_CXX_LANGUAGE_STANDARD = "gnu++20";
				CLANG_ENABLE_MODULES = YES;
				CLANG_ENABLE_OBJC_ARC = YES;
				CLANG_ENABLE_OBJC_WEAK = YES;
				CLANG_WARN_BLOCK_CAPTURE_AUTORELEASING = YES;
				CLANG_WARN_BOOL_CONVERSION = YES;
				CLANG_WARN_COMMA = YES;
				CLANG_WARN_CONSTANT_CONVERSION = YES;
				CLANG_WARN_DEPRECATED_OBJC_IMPLEMENTATIONS = YES;
				CLANG_WARN_DIRECT_OBJC_ISA_USAGE = YES_ERROR;
				CLANG_WARN_DOCUMENTATION_COMMENTS = YES;
				CLANG_WARN_EMPTY_BODY = YES;
				CLANG_WARN_ENUM_CONVERSION = YES;
				CLANG_WARN_INFINITE_RECURSION = YES;
				CLANG_WARN_INT_CONVERSION = YES;
				CLANG_WARN_NON_LITERAL_NULL_CONVERSION = YES;
				CLANG_WARN_OBJC_IMPLICIT_RETAIN_SELF = YES;
				CLANG_WARN_OBJC_LITERAL_CONVERSION = YES;
				CLANG_WARN_OBJC_ROOT_CLASS = YES_ERROR;
				CLANG_WARN_QUOTED_INCLUDE_IN_FRAMEWORK_HEADER = YES;
				CLANG_WARN_RANGE_LOOP_ANALYSIS = YES;
				CLANG_WARN_STRICT_PROTOTYPES = YES;
				CLANG_WARN_SUSPICIOUS_MOVE = YES;
				CLANG_WARN_UNGUARDED_AVAILABILITY = YES_AGGRESSIVE;
				CLANG_WARN_UNREACHABLE_CODE = YES;
				CLANG_WARN__DUPLICATE_METHOD_MATCH = YES;
				COPY_PHASE_STRIP = NO;
				DEBUG_INFORMATION_FORMAT = "dwarf-with-dsym";
				DEVELOPMENT_TEAM = Q3BRAU32HS;
				ENABLE_NS_ASSERTIONS = NO;
				ENABLE_STRICT_OBJC_MSGSEND = YES;
				ENABLE_USER_SCRIPT_SANDBOXING = YES;
				GCC_C_LANGUAGE_STANDARD = gnu17;
				GCC_NO_COMMON_BLOCKS = YES;
				GCC_WARN_64_TO_32_BIT_CONVERSION = YES;
				GCC_WARN_ABOUT_RETURN_TYPE = YES_ERROR;
				GCC_WARN_UNDECLARED_SELECTOR = YES;
				GCC_WARN_UNINITIALIZED_AUTOS = YES_AGGRESSIVE;
				GCC_WARN_UNUSED_FUNCTION = YES;
				GCC_WARN_UNUSED_VARIABLE = YES;
				IPHONEOS_DEPLOYMENT_TARGET = 26.1;
				LOCALIZATION_PREFERS_STRING_CATALOGS = YES;
				MTL_ENABLE_DEBUG_INFO = NO;
				MTL_FAST_MATH = YES;
				SDKROOT = iphoneos;
				STRING_CATALOG_GENERATE_SYMBOLS = YES;
				SWIFT_COMPILATION_MODE = wholemodule;
				VALIDATE_PRODUCT = YES;
			};
			name = Release;
		};
		ECF38B6B2EFC27D300664696 /* Debug */ = {
			isa = XCBuildConfiguration;
			buildSettings = {
				ASSETCATALOG_COMPILER_APPICON_NAME = AppIcon;
				ASSETCATALOG_COMPILER_GLOBAL_ACCENT_COLOR_NAME = AccentColor;
				CODE_SIGN_STYLE = Automatic;
				CURRENT_PROJECT_VERSION = 1;
				DEVELOPMENT_TEAM = Q3BRAU32HS;
				ENABLE_PREVIEWS = YES;
				GENERATE_INFOPLIST_FILE = YES;
				INFOPLIST_KEY_UIApplicationSceneManifest_Generation = YES;
				INFOPLIST_KEY_UIApplicationSupportsIndirectInputEvents = YES;
				INFOPLIST_KEY_UILaunchScreen_Generation = YES;
				INFOPLIST_KEY_UISupportedInterfaceOrientations = UIInterfaceOrientationPortrait;
				INFOPLIST_KEY_UISupportedInterfaceOrientations_iPad = "UIInterfaceOrientationLandscapeLeft UIInterfaceOrientationLandscapeRight UIInterfaceOrientationPortrait UIInterfaceOrientationPortraitUpsideDown";
				LD_RUNPATH_SEARCH_PATHS = (
					"$(inherited)",
					"@executable_path/Frameworks",
				);
				MARKETING_VERSION = 1.0;
				PRODUCT_BUNDLE_IDENTIFIER = com.Team.MoviesAp;
				PRODUCT_NAME = "$(TARGET_NAME)";
				STRING_CATALOG_GENERATE_SYMBOLS = YES;
				SUPPORTED_PLATFORMS = "iphoneos iphonesimulator";
				SUPPORTS_MACCATALYST = NO;
				SUPPORTS_MAC_DESIGNED_FOR_IPHONE_IPAD = NO;
				SUPPORTS_XR_DESIGNED_FOR_IPHONE_IPAD = NO;
				SWIFT_APPROACHABLE_CONCURRENCY = YES;
				SWIFT_DEFAULT_ACTOR_ISOLATION = MainActor;
				SWIFT_EMIT_LOC_STRINGS = YES;
				SWIFT_UPCOMING_FEATURE_MEMBER_IMPORT_VISIBILITY = YES;
				SWIFT_VERSION = 5.0;
				TARGETED_DEVICE_FAMILY = 1;
			};
			name = Debug;
		};
		ECF38B6C2EFC27D300664696 /* Release */ = {
			isa = XCBuildConfiguration;
			buildSettings = {
				ASSETCATALOG_COMPILER_APPICON_NAME = AppIcon;
				ASSETCATALOG_COMPILER_GLOBAL_ACCENT_COLOR_NAME = AccentColor;
				CODE_SIGN_STYLE = Automatic;
				CURRENT_PROJECT_VERSION = 1;
				DEVELOPMENT_TEAM = Q3BRAU32HS;
				ENABLE_PREVIEWS = YES;
				GENERATE_INFOPLIST_FILE = YES;
				INFOPLIST_KEY_UIApplicationSceneManifest_Generation = YES;
				INFOPLIST_KEY_UIApplicationSupportsIndirectInputEvents = YES;
				INFOPLIST_KEY_UILaunchScreen_Generation = YES;
				INFOPLIST_KEY_UISupportedInterfaceOrientations = UIInterfaceOrientationPortrait;
				INFOPLIST_KEY_UISupportedInterfaceOrientations_iPad = "UIInterfaceOrientationLandscapeLeft UIInterfaceOrientationLandscapeRight UIInterfaceOrientationPortrait UIInterfaceOrientationPortraitUpsideDown";
				LD_RUNPATH_SEARCH_PATHS = (
					"$(inherited)",
					"@executable_path/Frameworks",
				);
				MARKETING_VERSION = 1.0;
				PRODUCT_BUNDLE_IDENTIFIER = com.Team.MoviesAp;
				PRODUCT_NAME = "$(TARGET_NAME)";
				STRING_CATALOG_GENERATE_SYMBOLS = YES;
				SUPPORTED_PLATFORMS = "iphoneos iphonesimulator";
				SUPPORTS_MACCATALYST = NO;
				SUPPORTS_MAC_DESIGNED_FOR_IPHONE_IPAD = NO;
				SUPPORTS_XR_DESIGNED_FOR_IPHONE_IPAD = NO;
				SWIFT_APPROACHABLE_CONCURRENCY = YES;
				SWIFT_DEFAULT_ACTOR_ISOLATION = MainActor;
				SWIFT_EMIT_LOC_STRINGS = YES;
				SWIFT_UPCOMING_FEATURE_MEMBER_IMPORT_VISIBILITY = YES;
				SWIFT_VERSION = 5.0;
				TARGETED_DEVICE_FAMILY = 1;
			};
			name = Release;
		};
/* End XCBuildConfiguration section */

/* Begin XCConfigurationList section */
		ECF38B5A2EFC27D300664696 /* Build configuration list for PBXProject "Movieisme" */ = {
			isa = XCConfigurationList;
			buildConfigurations = (
				ECF38B682EFC27D300664696 /* Debug */,
				ECF38B692EFC27D300664696 /* Release */,
			);
			defaultConfigurationIsVisible = 0;
			defaultConfigurationName = Release;
		};
		ECF38B6A2EFC27D300664696 /* Build configuration list for PBXNativeTarget "Movieisme" */ = {
			isa = XCConfigurationList;
			buildConfigurations = (
				ECF38B6B2EFC27D300664696 /* Debug */,
				ECF38B6C2EFC27D300664696 /* Release */,
			);
			defaultConfigurationIsVisible = 0;
			defaultConfigurationName = Release;
		};
/* End XCConfigurationList section */
	};
	rootObject = ECF38B572EFC27D300664696 /* Project object */;
}
